
Microsoft Visual Studio Solution File, Format Version 12.00
# Visual Studio Version 17
VisualStudioVersion = 17.0.31903.59
MinimumVisualStudioVersion = 10.0.40219.1
Project("{2150E333-8FDC-42A3-9474-1A3956D46DE8}") = "src", "src", "{827E0CD3-B72D-47B6-A68D-7590B98EB39B}"
EndProject
Project("{FAE04EC0-301F-11D3-BF4B-00C04F79EFBC}") = "Eswmp.Shared", "src\Eswmp.Shared\Eswmp.Shared.csproj", "{ECE6A35C-E77B-4734-97B1-16B33A715C87}"
EndProject
Project("{FAE04EC0-301F-11D3-BF4B-00C04F79EFBC}") = "Eswmp.Core", "src\Eswmp.Core\Eswmp.Core.csproj", "{199BBA9A-851A-4D00-B208-76DA771AC6D0}"
EndProject
Project("{FAE04EC0-301F-11D3-BF4B-00C04F79EFBC}") = "Eswmp.Assignment", "src\Eswmp.Assignment\Eswmp.Assignment.csproj", "{42D7F0C9-2BF9-44B2-BC8C-2D467C61BA6E}"
EndProject
Project("{FAE04EC0-301F-11D3-BF4B-00C04F79EFBC}") = "Eswmp.Rules", "src\Eswmp.Rules\Eswmp.Rules.csproj", "{F757C415-643E-49FA-9F8F-3588AFF3B692}"
EndProject
Project("{FAE04EC0-301F-11D3-BF4B-00C04F79EFBC}") = "Eswmp.Gateway", "src\Eswmp.Gateway\Eswmp.Gateway.csproj", "{69E4120C-EC73-4875-AFDC-25D5D4E7AB2E}"
EndProject
Project("{FAE04EC0-301F-11D3-BF4B-00C04F79EFBC}") = "Eswmp.Core.Tests", "tests\unit\Eswmp.Core.Tests\Eswmp.Core.Tests.csproj", "{00617DDD-90D8-44E1-A4ED-DD9CAAE89CC6}"
EndProject
Project("{FAE04EC0-301F-11D3-BF4B-00C04F79EFBC}") = "Eswmp.Assignment.Tests", "tests\unit\Eswmp.Assignment.Tests\Eswmp.Assignment.Tests.csproj", "{FB903380-87F9-4139-B091-AADDFAE1084E}"
EndProject
Global
	GlobalSection(SolutionConfigurationPlatforms) = preSolution
		Debug|Any CPU = Debug|Any CPU
		Debug|x64 = Debug|x64
		Debug|x86 = Debug|x86
		Release|Any CPU = Release|Any CPU
		Release|x64 = Release|x64
		Release|x86 = Release|x86
	EndGlobalSection
	GlobalSection(ProjectConfigurationPlatforms) = postSolution
		{ECE6A35C-E77B-4734-97B1-16B33A715C87}.Debug|Any CPU.ActiveCfg = Debug|Any CPU
		{ECE6A35C-E77B-4734-97B1-16B33A715C87}.Debug|Any CPU.Build.0 = Debug|Any CPU
		{ECE6A35C-E77B-4734-97B1-16B33A715C87}.Debug|x64.ActiveCfg = Debug|Any CPU
		{ECE6A35C-E77B-4734-97B1-16B33A715C87}.Debug|x64.Build.0 = Debug|Any CPU
		{ECE6A35C-E77B-4734-97B1-16B33A715C87}.Debug|x86.ActiveCfg = Debug|Any CPU
		{ECE6A35C-E77B-4734-97B1-16B33A715C87}.Debug|x86.Build.0 = Debug|Any CPU
		{ECE6A35C-E77B-4734-97B1-16B33A715C87}.Release|Any CPU.ActiveCfg = Release|Any CPU
		{ECE6A35C-E77B-4734-97B1-16B33A715C87}.Release|Any CPU.Build.0 = Release|Any CPU
		{ECE6A35C-E77B-4734-97B1-16B33A715C87}.Release|x64.ActiveCfg = Release|Any CPU
		{ECE6A35C-E77B-4734-97B1-16B33A715C87}.Release|x64.Build.0 = Release|Any CPU
		{ECE6A35C-E77B-4734-97B1-16B33A715C87}.Release|x86.ActiveCfg = Release|Any CPU
		{ECE6A35C-E77B-4734-97B1-16B33A715C87}.Release|x86.Build.0 = Release|Any CPU
		{199BBA9A-851A-4D00-B208-76DA771AC6D0}.Debug|Any CPU.ActiveCfg = Debug|Any CPU
		{199BBA9A-851A-4D00-B208-76DA771AC6D0}.Debug|Any CPU.Build.0 = Debug|Any CPU
		{199BBA9A-851A-4D00-B208-76DA771AC6D0}.Debug|x64.ActiveCfg = Debug|Any CPU
		{199BBA9A-851A-4D00-B208-76DA771AC6D0}.Debug|x64.Build.0 = Debug|Any CPU
		{199BBA9A-851A-4D00-B208-76DA771AC6D0}.Debug|x86.ActiveCfg = Debug|Any CPU
		{199BBA9A-851A-4D00-B208-76DA771AC6D0}.Debug|x86.Build.0 = Debug|Any CPU
		{199BBA9A-851A-4D00-B208-76DA771AC6D0}.Release|Any CPU.ActiveCfg = Release|Any CPU
		{199BBA9A-851A-4D00-B208-76DA771AC6D0}.Release|Any CPU.Build.0 = Release|Any CPU
		{199BBA9A-851A-4D00-B208-76DA771AC6D0}.Release|x64.ActiveCfg = Release|Any CPU
		{199BBA9A-851A-4D00-B208-76DA771AC6D0}.Release|x64.Build.0 = Release|Any CPU
		{199BBA9A-851A-4D00-B208-76DA771AC6D0}.Release|x86.ActiveCfg = Release|Any CPU
		{199BBA9A-851A-4D00-B208-76DA771AC6D0}.Release|x86.Build.0 = Release|Any CPU
		{42D7F0C9-2BF9-44B2-BC8C-2D467C61BA6E}.Debug|Any CPU.ActiveCfg = Debug|Any CPU
		{42D7F0C9-2BF9-44B2-BC8C-2D467C61BA6E}.Debug|Any CPU.Build.0 = Debug|Any CPU
		{42D7F0C9-2BF9-44B2-BC8C-2D467C61BA6E}.Debug|x64.ActiveCfg = Debug|Any CPU
		{42D7F0C9-2BF9-44B2-BC8C-2D467C61BA6E}.Debug|x64.Build.0 = Debug|Any CPU
		{42D7F0C9-2BF9-44B2-BC8C-2D467C61BA6E}.Debug|x86.ActiveCfg = Debug|Any CPU
		{42D7F0C9-2BF9-44B2-BC8C-2D467C61BA6E}.Debug|x86.Build.0 = Debug|Any CPU
		{42D7F0C9-2BF9-44B2-BC8C-2D467C61BA6E}.Release|Any CPU.ActiveCfg = Release|Any CPU
		{42D7F0C9-2BF9-44B2-BC8C-2D467C61BA6E}.Release|Any CPU.Build.0 = Release|Any CPU
		{42D7F0C9-2BF9-44B2-BC8C-2D467C61BA6E}.Release|x64.ActiveCfg = Release|Any CPU
		{42D7F0C9-2BF9-44B2-BC8C-2D467C61BA6E}.Release|x64.Build.0 = Release|Any CPU
		{42D7F0C9-2BF9-44B2-BC8C-2D467C61BA6E}.Release|x86.ActiveCfg = Release|Any CPU
		{42D7F0C9-2BF9-44B2-BC8C-2D467C61BA6E}.Release|x86.Build.0 = Release|Any CPU
		{F757C415-643E-49FA-9F8F-3588AFF3B692}.Debug|Any CPU.ActiveCfg = Debug|Any CPU
		{F757C415-643E-49FA-9F8F-3588AFF3B692}.Debug|Any CPU.Build.0 = Debug|Any CPU
		{F757C415-643E-49FA-9F8F-3588AFF3B692}.Debug|x64.ActiveCfg = Debug|Any CPU
		{F757C415-643E-49FA-9F8F-3588AFF3B692}.Debug|x64.Build.0 = Debug|Any CPU
		{F757C415-643E-49FA-9F8F-3588AFF3B692}.Debug|x86.ActiveCfg = Debug|Any CPU
		{F757C415-643E-49FA-9F8F-3588AFF3B692}.Debug|x86.Build.0 = Debug|Any CPU
		{F757C415-643E-49FA-9F8F-3588AFF3B692}.Release|Any CPU.ActiveCfg = Release|Any CPU
		{F757C415-643E-49FA-9F8F-3588AFF3B692}.Release|Any CPU.Build.0 = Release|Any CPU
		{F757C415-643E-49FA-9F8F-3588AFF3B692}.Release|x64.ActiveCfg = Release|Any CPU
		{F757C415-643E-49FA-9F8F-3588AFF3B692}.Release|x64.Build.0 = Release|Any CPU
		{F757C415-643E-49FA-9F8F-3588AFF3B692}.Release|x86.ActiveCfg = Release|Any CPU
		{F757C415-643E-49FA-9F8F-3588AFF3B692}.Release|x86.Build.0 = Release|Any CPU
		{69E4120C-EC73-4875-AFDC-25D5D4E7AB2E}.Debug|Any CPU.ActiveCfg = Debug|Any CPU
		{69E4120C-EC73-4875-AFDC-25D5D4E7AB2E}.Debug|Any CPU.Build.0 = Debug|Any CPU
		{69E4120C-EC73-4875-AFDC-25D5D4E7AB2E}.Debug|x64.ActiveCfg = Debug|Any CPU
		{69E4120C-EC73-4875-AFDC-25D5D4E7AB2E}.Debug|x64.Build.0 = Debug|Any CPU
		{69E4120C-EC73-4875-AFDC-25D5D4E7AB2E}.Debug|x86.ActiveCfg = Debug|Any CPU
		{69E4120C-EC73-4875-AFDC-25D5D4E7AB2E}.Debug|x86.Build.0 = Debug|Any CPU
		{69E4120C-EC73-4875-AFDC-25D5D4E7AB2E}.Release|Any CPU.ActiveCfg = Release|Any CPU
		{69E4120C-EC73-4875-AFDC-25D5D4E7AB2E}.Release|Any CPU.Build.0 = Release|Any CPU
		{69E4120C-EC73-4875-AFDC-25D5D4E7AB2E}.Release|x64.ActiveCfg = Release|Any CPU
		{69E4120C-EC73-4875-AFDC-25D5D4E7AB2E}.Release|x64.Build.0 = Release|Any CPU
		{69E4120C-EC73-4875-AFDC-25D5D4E7AB2E}.Release|x86.ActiveCfg = Release|Any CPU
		{69E4120C-EC73-4875-AFDC-25D5D4E7AB2E}.Release|x86.Build.0 = Release|Any CPU
		{00617DDD-90D8-44E1-A4ED-DD9CAAE89CC6}.Debug|Any CPU.ActiveCfg = Debug|Any CPU
		{00617DDD-90D8-44E1-A4ED-DD9CAAE89CC6}.Debug|Any CPU.Build.0 = Debug|Any CPU
		{00617DDD-90D8-44E1-A4ED-DD9CAAE89CC6}.Debug|x64.ActiveCfg = Debug|Any CPU
		{00617DDD-90D8-44E1-A4ED-DD9CAAE89CC6}.Debug|x64.Build.0 = Debug|Any CPU
		{00617DDD-90D8-44E1-A4ED-DD9CAAE89CC6}.Debug|x86.ActiveCfg = Debug|Any CPU
		{00617DDD-90D8-44E1-A4ED-DD9CAAE89CC6}.Debug|x86.Build.0 = Debug|Any CPU
		{00617DDD-90D8-44E1-A4ED-DD9CAAE89CC6}.Release|Any CPU.ActiveCfg = Release|Any CPU
		{00617DDD-90D8-44E1-A4ED-DD9CAAE89CC6}.Release|Any CPU.Build.0 = Release|Any CPU
		{00617DDD-90D8-44E1-A4ED-DD9CAAE89CC6}.Release|x64.ActiveCfg = Release|Any CPU
		{00617DDD-90D8-44E1-A4ED-DD9CAAE89CC6}.Release|x64.Build.0 = Release|Any CPU
		{00617DDD-90D8-44E1-A4ED-DD9CAAE89CC6}.Release|x86.ActiveCfg = Release|Any CPU
		{00617DDD-90D8-44E1-A4ED-DD9CAAE89CC6}.Release|x86.Build.0 = Release|Any CPU
		{FB903380-87F9-4139-B091-AADDFAE1084E}.Debug|Any CPU.ActiveCfg = Debug|Any CPU
		{FB903380-87F9-4139-B091-AADDFAE1084E}.Debug|Any CPU.Build.0 = Debug|Any CPU
		{FB903380-87F9-4139-B091-AADDFAE1084E}.Debug|x64.ActiveCfg = Debug|Any CPU
		{FB903380-87F9-4139-B091-AADDFAE1084E}.Debug|x64.Build.0 = Debug|Any CPU
		{FB903380-87F9-4139-B091-AADDFAE1084E}.Debug|x86.ActiveCfg = Debug|Any CPU
		{FB903380-87F9-4139-B091-AADDFAE1084E}.Debug|x86.Build.0 = Debug|Any CPU
		{FB903380-87F9-4139-B091-AADDFAE1084E}.Release|Any CPU.ActiveCfg = Release|Any CPU
		{FB903380-87F9-4139-B091-AADDFAE1084E}.Release|Any CPU.Build.0 = Release|Any CPU
		{FB903380-87F9-4139-B091-AADDFAE1084E}.Release|x64.ActiveCfg = Release|Any CPU
		{FB903380-87F9-4139-B091-AADDFAE1084E}.Release|x64.Build.0 = Release|Any CPU
		{FB903380-87F9-4139-B091-AADDFAE1084E}.Release|x86.ActiveCfg = Release|Any CPU
		{FB903380-87F9-4139-B091-AADDFAE1084E}.Release|x86.Build.0 = Release|Any CPU
	EndGlobalSection
	GlobalSection(SolutionProperties) = preSolution
		HideSolutionNode = FALSE
	EndGlobalSection
	GlobalSection(NestedProjects) = preSolution
		{ECE6A35C-E77B-4734-97B1-16B33A715C87} = {827E0CD3-B72D-47B6-A68D-7590B98EB39B}
		{199BBA9A-851A-4D00-B208-76DA771AC6D0} = {827E0CD3-B72D-47B6-A68D-7590B98EB39B}
		{42D7F0C9-2BF9-44B2-BC8C-2D467C61BA6E} = {827E0CD3-B72D-47B6-A68D-7590B98EB39B}
		{F757C415-643E-49FA-9F8F-3588AFF3B692} = {827E0CD3-B72D-47B6-A68D-7590B98EB39B}
		{69E4120C-EC73-4875-AFDC-25D5D4E7AB2E} = {827E0CD3-B72D-47B6-A68D-7590B98EB39B}
		{00617DDD-90D8-44E1-A4ED-DD9CAAE89CC6} = {827E0CD3-B72D-47B6-A68D-7590B98EB39B}
		{FB903380-87F9-4139-B091-AADDFAE1084E} = {827E0CD3-B72D-47B6-A68D-7590B98EB39B}
	EndGlobalSection
EndGlobal
